// !$*UTF8*$!
{
	archiveVersion = 1;
	classes = {
	};
	objectVersion = 56;
	objects = {

/* Begin PBXBuildFile section */
		FC7B35D7A68D4F2F8196CAA8 /* DoubleRatchet.swift in Sources */ = {isa = PBXBuildFile; fileRef = 710634C185C84C5396491315 /* DoubleRatchet.swift */; };
		1261EC62DCCA4E1391A76531 /* Identity.swift in Sources */ = {isa = PBXBuildFile; fileRef = E24BB78915F4451EA06412B4 /* Identity.swift */; };
		F708D39F5FE94E6FBB2841A4 /* X3DH.swift in Sources */ = {isa = PBXBuildFile; fileRef = 926C103F4DE64A3BA5045084 /* X3DH.swift */; };
		AB2DA2A0758B4C9580617A86 /* RatchetPrimitives.swift in Sources */ = {isa = PBXBuildFile; fileRef = 582F9355F1514E61BF14E9E2 /* RatchetPrimitives.swift */; };
		465ABF2B32F9418A8AC3C568 /* CallSession.swift in Sources */ = {isa = PBXBuildFile; fileRef = 5977F4A6F1C54C4183B65595 /* CallSession.swift */; };
		5CAEDED9028444938E8E6985 /* ChatMessage.swift in Sources */ = {isa = PBXBuildFile; fileRef = 264D9E26E9D54A3AA50942DC /* ChatMessage.swift */; };
		B45ED85AEBE349D69EF569E5 /* Contact.swift in Sources */ = {isa = PBXBuildFile; fileRef = 9847CEC31BEA4B50A746B8BB /* Contact.swift */; };
		EBABF48794D24D6697799A60 /* CallModels.swift in Sources */ = {isa = PBXBuildFile; fileRef = 810AE3973E634DD38E35DF2C /* CallModels.swift */; };
		CF3BA7581E5C435E99CA2C4F /* MeshTransport.swift in Sources */ = {isa = PBXBuildFile; fileRef = DA8A23EBBA4244E9A463524B /* MeshTransport.swift */; };
		056EF11CE5284A028C30F6D3 /* MessageRouter.swift in Sources */ = {isa = PBXBuildFile; fileRef = BE075A3C735A41ED9E50FAD1 /* MessageRouter.swift */; };
		A978B934C19A418C9307D573 /* SOCKS5Client.swift in Sources */ = {isa = PBXBuildFile; fileRef = 058430BC94814495B04BB544 /* SOCKS5Client.swift */; };
		56D814C71F84479F9F63B304 /* TorTransport.swift in Sources */ = {isa = PBXBuildFile; fileRef = 4D72721D203149D2BA4DBCC7 /* TorTransport.swift */; };
		080FB9B9EACB468686D82D28 /* CallAudioEngine.swift in Sources */ = {isa = PBXBuildFile; fileRef = 45B456F7D0B443CDAF1E777A /* CallAudioEngine.swift */; };
		3D7C8B445B1A4A3581821EC5 /* AppViewModel.swift in Sources */ = {isa = PBXBuildFile; fileRef = 9CEA43AD4DD74F379974B674 /* AppViewModel.swift */; };
		8E4C963337A54C519E042879 /* CallViewModel.swift in Sources */ = {isa = PBXBuildFile; fileRef = 68EF06AFD8234176B8317D6D /* CallViewModel.swift */; };
		8D0E297129074366A3036091 /* ChatView.swift in Sources */ = {isa = PBXBuildFile; fileRef = 4154A9F5C24B495AA3D4D731 /* ChatView.swift */; };
		6D25F3B1A99D4EB383D14BA0 /* ContentView.swift in Sources */ = {isa = PBXBuildFile; fileRef = 155E3A0F733540F1AA0A7E51 /* ContentView.swift */; };
		C523CEAD64F84691B0B5F7D7 /* PairingView.swift in Sources */ = {isa = PBXBuildFile; fileRef = 1C49603022C84114B14F5EF9 /* PairingView.swift */; };
		423331F20B8F45F9A37A4C56 /* SettingsView.swift in Sources */ = {isa = PBXBuildFile; fileRef = 28982196091A4985B50B04F7 /* SettingsView.swift */; };
		0B107A528CFE492C844CE256 /* CallView.swift in Sources */ = {isa = PBXBuildFile; fileRef = D43C3FE6D5FE40148A5FE600 /* CallView.swift */; };
		C4DC913C7EF34C16AB00C693 /* GhostMeshApp.swift in Sources */ = {isa = PBXBuildFile; fileRef = 4B6753F1994F4C4CB4B53455 /* GhostMeshApp.swift */; };
		C034F09538C24C5BADDA978D /* Assets.xcassets in Resources */ = {isa = PBXBuildFile; fileRef = FD624FEEB259473B845E3298 /* Assets.xcassets */; };
		ED1F1E65418045A19B3B5D52 /* Preview Assets.xcassets in Resources */ = {isa = PBXBuildFile; fileRef = 96C224560850412E9F4CB493 /* Preview Assets.xcassets */; };
		09A97344E22144FDB7410713 /* Tor in Frameworks */ = {isa = PBXBuildFile; productRef = 463EECD4A3F7426FB4BF4D4B /* Tor */; };
/* End PBXBuildFile section */

/* Begin PBXFileReference section */
		71E6AB41A5394AB8B3DB09FF /* GhostMesh.app */ = {isa = PBXFileReference; explicitFileType = wrapper.application; includeInIndex = 0; path = GhostMesh.app; sourceTree = BUILT_PRODUCTS_DIR; };
		710634C185C84C5396491315 /* DoubleRatchet.swift */ = {isa = PBXFileReference; lastKnownFileType = sourcecode.swift; path = DoubleRatchet.swift; sourceTree = "<group>"; };
		E24BB78915F4451EA06412B4 /* Identity.swift */ = {isa = PBXFileReference; lastKnownFileType = sourcecode.swift; path = Identity.swift; sourceTree = "<group>"; };
		926C103F4DE64A3BA5045084 /* X3DH.swift */ = {isa = PBXFileReference; lastKnownFileType = sourcecode.swift; path = X3DH.swift; sourceTree = "<group>"; };
		582F9355F1514E61BF14E9E2 /* RatchetPrimitives.swift */ = {isa = PBXFileReference; lastKnownFileType = sourcecode.swift; path = RatchetPrimitives.swift; sourceTree = "<group>"; };
		5977F4A6F1C54C4183B65595 /* CallSession.swift */ = {isa = PBXFileReference; lastKnownFileType = sourcecode.swift; path = CallSession.swift; sourceTree = "<group>"; };
		264D9E26E9D54A3AA50942DC /* ChatMessage.swift */ = {isa = PBXFileReference; lastKnownFileType = sourcecode.swift; path = ChatMessage.swift; sourceTree = "<group>"; };
		9847CEC31BEA4B50A746B8BB /* Contact.swift */ = {isa = PBXFileReference; lastKnownFileType = sourcecode.swift; path = Contact.swift; sourceTree = "<group>"; };
		810AE3973E634DD38E35DF2C /* CallModels.swift */ = {isa = PBXFileReference; lastKnownFileType = sourcecode.swift; path = CallModels.swift; sourceTree = "<group>"; };
		DA8A23EBBA4244E9A463524B /* MeshTransport.swift */ = {isa = PBXFileReference; lastKnownFileType = sourcecode.swift; path = MeshTransport.swift; sourceTree = "<group>"; };
		BE075A3C735A41ED9E50FAD1 /* MessageRouter.swift */ = {isa = PBXFileReference; lastKnownFileType = sourcecode.swift; path = MessageRouter.swift; sourceTree = "<group>"; };
		058430BC94814495B04BB544 /* SOCKS5Client.swift */ = {isa = PBXFileReference; lastKnownFileType = sourcecode.swift; path = SOCKS5Client.swift; sourceTree = "<group>"; };
		4D72721D203149D2BA4DBCC7 /* TorTransport.swift */ = {isa = PBXFileReference; lastKnownFileType = sourcecode.swift; path = TorTransport.swift; sourceTree = "<group>"; };
		45B456F7D0B443CDAF1E777A /* CallAudioEngine.swift */ = {isa = PBXFileReference; lastKnownFileType = sourcecode.swift; path = CallAudioEngine.swift; sourceTree = "<group>"; };
		9CEA43AD4DD74F379974B674 /* AppViewModel.swift */ = {isa = PBXFileReference; lastKnownFileType = sourcecode.swift; path = AppViewModel.swift; sourceTree = "<group>"; };
		68EF06AFD8234176B8317D6D /* CallViewModel.swift */ = {isa = PBXFileReference; lastKnownFileType = sourcecode.swift; path = CallViewModel.swift; sourceTree = "<group>"; };
		4154A9F5C24B495AA3D4D731 /* ChatView.swift */ = {isa = PBXFileReference; lastKnownFileType = sourcecode.swift; path = ChatView.swift; sourceTree = "<group>"; };
		155E3A0F733540F1AA0A7E51 /* ContentView.swift */ = {isa = PBXFileReference; lastKnownFileType = sourcecode.swift; path = ContentView.swift; sourceTree = "<group>"; };
		1C49603022C84114B14F5EF9 /* PairingView.swift */ = {isa = PBXFileReference; lastKnownFileType = sourcecode.swift; path = PairingView.swift; sourceTree = "<group>"; };
		28982196091A4985B50B04F7 /* SettingsView.swift */ = {isa = PBXFileReference; lastKnownFileType = sourcecode.swift; path = SettingsView.swift; sourceTree = "<group>"; };
		D43C3FE6D5FE40148A5FE600 /* CallView.swift */ = {isa = PBXFileReference; lastKnownFileType = sourcecode.swift; path = CallView.swift; sourceTree = "<group>"; };
		4B6753F1994F4C4CB4B53455 /* GhostMeshApp.swift */ = {isa = PBXFileReference; lastKnownFileType = sourcecode.swift; path = GhostMeshApp.swift; sourceTree = "<group>"; };
		FD624FEEB259473B845E3298 /* Assets.xcassets */ = {isa = PBXFileReference; lastKnownFileType = folder.assetcatalog; path = Assets.xcassets; sourceTree = "<group>"; };
		96C224560850412E9F4CB493 /* Preview Assets.xcassets */ = {isa = PBXFileReference; lastKnownFileType = folder.assetcatalog; path = "Preview Assets.xcassets"; sourceTree = "<group>"; };
		8550500705BE401D865961D5 /* Info.plist */ = {isa = PBXFileReference; lastKnownFileType = text.plist.xml; path = Info.plist; sourceTree = "<group>"; };
/* End PBXFileReference section */

/* Begin PBXFrameworksBuildPhase section */
		1400B5843C7345E1B4A72AB7 /* Frameworks */ = {
			isa = PBXFrameworksBuildPhase;
			buildActionMask = 2147483647;
			files = (
				09A97344E22144FDB7410713 /* Tor in Frameworks */,
			);
			runOnlyForDeploymentPostprocessing = 0;
		};
/* End PBXFrameworksBuildPhase section */

/* Begin PBXGroup section */
		63832E373B354985A34567CB = {
			isa = PBXGroup;
			children = (
				4C2A566FC3BE4F1AA89959D4 /* GhostMesh */,
				2842B201559E45559A0DA39A /* Products */,
			);
			sourceTree = "<group>";
		};
		2842B201559E45559A0DA39A /* Products */ = {
			isa = PBXGroup;
			children = (
				71E6AB41A5394AB8B3DB09FF /* GhostMesh.app */,
			);
			name = Products;
			sourceTree = "<group>";
		};
		4C2A566FC3BE4F1AA89959D4 /* GhostMesh */ = {
			isa = PBXGroup;
			children = (
				4B6753F1994F4C4CB4B53455 /* GhostMeshApp.swift */,
				88703F48636A4249AE2B2DFC /* Crypto */,
				58C78FAE1AD54BA4AD14A1DF /* Models */,
				EE5ADCCC832C42DDB2FE9EC5 /* Networking */,
				0BC79D0317354F729FDAE323 /* Audio */,
				BC5229A30F7E430A918D9E1D /* ViewModel */,
				50EAF7FCBEAE4758909EA258 /* Views */,
				FD624FEEB259473B845E3298 /* Assets.xcassets */,
				8550500705BE401D865961D5 /* Info.plist */,
				6C350EC5C6D3485F98266B23 /* Preview Content */,
			);
			path = GhostMesh;
			sourceTree = "<group>";
		};
		88703F48636A4249AE2B2DFC /* Crypto */ = {
			isa = PBXGroup;
			children = (
				710634C185C84C5396491315 /* DoubleRatchet.swift */,
				E24BB78915F4451EA06412B4 /* Identity.swift */,
				926C103F4DE64A3BA5045084 /* X3DH.swift */,
				582F9355F1514E61BF14E9E2 /* RatchetPrimitives.swift */,
				5977F4A6F1C54C4183B65595 /* CallSession.swift */,
			);
			path = Crypto;
			sourceTree = "<group>";
		};
		58C78FAE1AD54BA4AD14A1DF /* Models */ = {
			isa = PBXGroup;
			children = (
				264D9E26E9D54A3AA50942DC /* ChatMessage.swift */,
				9847CEC31BEA4B50A746B8BB /* Contact.swift */,
				810AE3973E634DD38E35DF2C /* CallModels.swift */,
			);
			path = Models;
			sourceTree = "<group>";
		};
		EE5ADCCC832C42DDB2FE9EC5 /* Networking */ = {
			isa = PBXGroup;
			children = (
				DA8A23EBBA4244E9A463524B /* MeshTransport.swift */,
				BE075A3C735A41ED9E50FAD1 /* MessageRouter.swift */,
				058430BC94814495B04BB544 /* SOCKS5Client.swift */,
				4D72721D203149D2BA4DBCC7 /* TorTransport.swift */,
			);
			path = Networking;
			sourceTree = "<group>";
		};
		0BC79D0317354F729FDAE323 /* Audio */ = {
			isa = PBXGroup;
			children = (
				45B456F7D0B443CDAF1E777A /* CallAudioEngine.swift */,
			);
			path = Audio;
			sourceTree = "<group>";
		};
		BC5229A30F7E430A918D9E1D /* ViewModel */ = {
			isa = PBXGroup;
			children = (
				9CEA43AD4DD74F379974B674 /* AppViewModel.swift */,
				68EF06AFD8234176B8317D6D /* CallViewModel.swift */,
			);
			path = ViewModel;
			sourceTree = "<group>";
		};
		50EAF7FCBEAE4758909EA258 /* Views */ = {
			isa = PBXGroup;
			children = (
				4154A9F5C24B495AA3D4D731 /* ChatView.swift */,
				155E3A0F733540F1AA0A7E51 /* ContentView.swift */,
				1C49603022C84114B14F5EF9 /* PairingView.swift */,
				28982196091A4985B50B04F7 /* SettingsView.swift */,
				D43C3FE6D5FE40148A5FE600 /* CallView.swift */,
			);
			path = Views;
			sourceTree = "<group>";
		};
		6C350EC5C6D3485F98266B23 /* Preview Content */ = {
			isa = PBXGroup;
			children = (
				96C224560850412E9F4CB493 /* Preview Assets.xcassets */,
			);
			path = "Preview Content";
			sourceTree = "<group>";
		};
/* End PBXGroup section */

/* Begin PBXNativeTarget section */
		3BAB7228C56D40929371DF80 /* GhostMesh */ = {
			isa = PBXNativeTarget;
			buildConfigurationList = AD64495107A04B1F9FB196BD /* Build configuration list for PBXNativeTarget "GhostMesh" */;
			buildPhases = (
				C8DE8799984E4B649FEBDDFF /* Sources */,
				1400B5843C7345E1B4A72AB7 /* Frameworks */,
				BB9F4A6C05A04AC0A197A05B /* Resources */,
			);
			buildRules = (
			);
			dependencies = (
			);
			name = GhostMesh;
			packageProductDependencies = (
				463EECD4A3F7426FB4BF4D4B /* Tor */,
			);
			productName = GhostMesh;
			productReference = 71E6AB41A5394AB8B3DB09FF /* GhostMesh.app */;
			productType = "com.apple.product-type.application";
		};
/* End PBXNativeTarget section */

/* Begin PBXProject section */
		0B0691B564A547CCB30FFBBD /* Project object */ = {
			isa = PBXProject;
			attributes = {
				BuildIndependentTargetsInParallel = 1;
				LastSwiftUpdateCheck = 1600;
				LastUpgradeCheck = 1600;
				TargetAttributes = {
					3BAB7228C56D40929371DF80 = {
						CreatedOnToolsVersion = 16.0;
					};
				};
			};
			buildConfigurationList = 1BA76DC46E6541A38549A133 /* Build configuration list for PBXProject "GhostMesh" */;
			compatibilityVersion = "Xcode 14.0";
			developmentRegion = en;
			hasScannedForEncodings = 0;
			knownRegions = (
				en,
				Base,
			);
			mainGroup = 63832E373B354985A34567CB;
			packageReferences = (
				D9F4134956144D71BBF30FE0 /* XCRemoteSwiftPackageReference "swift-tor" */,
			);
			productRefGroup = 2842B201559E45559A0DA39A /* Products */;
			projectDirPath = "";
			projectRoot = "";
			targets = (
				3BAB7228C56D40929371DF80 /* GhostMesh */,
			);
		};
/* End PBXProject section */

/* Begin PBXResourcesBuildPhase section */
		BB9F4A6C05A04AC0A197A05B /* Resources */ = {
			isa = PBXResourcesBuildPhase;
			buildActionMask = 2147483647;
			files = (
				C034F09538C24C5BADDA978D /* Assets.xcassets in Resources */,
				ED1F1E65418045A19B3B5D52 /* Preview Assets.xcassets in Resources */,
			);
			runOnlyForDeploymentPostprocessing = 0;
		};
/* End PBXResourcesBuildPhase section */

/* Begin PBXSourcesBuildPhase section */
		C8DE8799984E4B649FEBDDFF /* Sources */ = {
			isa = PBXSourcesBuildPhase;
			buildActionMask = 2147483647;
			files = (
				FC7B35D7A68D4F2F8196CAA8 /* DoubleRatchet.swift in Sources */,
				1261EC62DCCA4E1391A76531 /* Identity.swift in Sources */,
				F708D39F5FE94E6FBB2841A4 /* X3DH.swift in Sources */,
				AB2DA2A0758B4C9580617A86 /* RatchetPrimitives.swift in Sources */,
				465ABF2B32F9418A8AC3C568 /* CallSession.swift in Sources */,
				5CAEDED9028444938E8E6985 /* ChatMessage.swift in Sources */,
				B45ED85AEBE349D69EF569E5 /* Contact.swift in Sources */,
				EBABF48794D24D6697799A60 /* CallModels.swift in Sources */,
				CF3BA7581E5C435E99CA2C4F /* MeshTransport.swift in Sources */,
				056EF11CE5284A028C30F6D3 /* MessageRouter.swift in Sources */,
				A978B934C19A418C9307D573 /* SOCKS5Client.swift in Sources */,
				56D814C71F84479F9F63B304 /* TorTransport.swift in Sources */,
				080FB9B9EACB468686D82D28 /* CallAudioEngine.swift in Sources */,
				3D7C8B445B1A4A3581821EC5 /* AppViewModel.swift in Sources */,
				8E4C963337A54C519E042879 /* CallViewModel.swift in Sources */,
				8D0E297129074366A3036091 /* ChatView.swift in Sources */,
				6D25F3B1A99D4EB383D14BA0 /* ContentView.swift in Sources */,
				C523CEAD64F84691B0B5F7D7 /* PairingView.swift in Sources */,
				423331F20B8F45F9A37A4C56 /* SettingsView.swift in Sources */,
				0B107A528CFE492C844CE256 /* CallView.swift in Sources */,
				C4DC913C7EF34C16AB00C693 /* GhostMeshApp.swift in Sources */,
			);
			runOnlyForDeploymentPostprocessing = 0;
		};
/* End PBXSourcesBuildPhase section */

/* Begin XCBuildConfiguration section */
		D09289B87E3B44DBBCA259E3 /* Debug */ = {
			isa = XCBuildConfiguration;
			buildSettings = {
				ALWAYS_SEARCH_USER_PATHS = NO;
				CLANG_ANALYZER_NONNULL = YES;
				CLANG_ANALYZER_NUMBER_OBJECT_CONVERSION = YES_AGGRESSIVE;
				CLANG_CXX_LANGUAGE_STANDARD = "gnu++20";
				CLANG_ENABLE_MODULES = YES;
				CLANG_ENABLE_OBJC_ARC = YES;
				CLANG_ENABLE_OBJC_WEAK = YES;
				CLANG_WARN_BLOCK_CAPTURE_AUTORELEASING = YES;
				CLANG_WARN_BOOL_CONVERSION = YES;
				CLANG_WARN_COMMA = YES;
				CLANG_WARN_CONSTANT_CONVERSION = YES;
				CLANG_WARN_DEPRECATED_OBJC_IMPLEMENTATIONS = YES;
				CLANG_WARN_DIRECT_OBJC_ISA_USAGE = YES_ERROR;
				CLANG_WARN_DOCUMENTATION_COMMENTS = YES;
				CLANG_WARN_EMPTY_BODY = YES;
				CLANG_WARN_ENUM_CONVERSION = YES;
				CLANG_WARN_INFINITE_RECURSION = YES;
				CLANG_WARN_INT_CONVERSION = YES;
				CLANG_WARN_NON_LITERAL_NULL_CONVERSION = YES;
				CLANG_WARN_OBJC_IMPLICIT_RETAIN_SELF = YES;
				CLANG_WARN_OBJC_LITERAL_CONVERSION = YES;
				CLANG_WARN_OBJC_ROOT_CLASS = YES_ERROR;
				CLANG_WARN_QUOTED_INCLUDE_IN_FRAMEWORK_HEADER = YES;
				CLANG_WARN_RANGE_LOOP_ANALYSIS = YES;
				CLANG_WARN_STRICT_PROTOTYPES = YES;
				CLANG_WARN_SUSPICIOUS_MOVE = YES;
				CLANG_WARN_UNGUARDED_AVAILABILITY = YES_AGGRESSIVE;
				CLANG_WARN_UNREACHABLE_CODE = YES;
				CLANG_WARN__DUPLICATE_METHOD_MATCH = YES;
				COPY_PHASE_STRIP = NO;
				DEBUG_INFORMATION_FORMAT = dwarf;
				ENABLE_STRICT_OBJC_MSGSEND = YES;
				ENABLE_TESTABILITY = YES;
				GCC_C_LANGUAGE_STANDARD = gnu17;
				GCC_DYNAMIC_NO_PIC = NO;
				GCC_NO_COMMON_BLOCKS = YES;
				GCC_OPTIMIZATION_LEVEL = 0;
				GCC_PREPROCESSOR_DEFINITIONS = (
					"DEBUG=1",
					"$(inherited)",
				);
				GCC_WARN_64_TO_32_BIT_CONVERSION = YES;
				GCC_WARN_ABOUT_RETURN_TYPE = YES_ERROR;
				GCC_WARN_UNDECLARED_SELECTOR = YES;
				GCC_WARN_UNINITIALIZED_AUTOS = YES_AGGRESSIVE;
				GCC_WARN_UNUSED_FUNCTION = YES;
				GCC_WARN_UNUSED_VARIABLE = YES;
				IPHONEOS_DEPLOYMENT_TARGET = 18.0;
				MTL_ENABLE_DEBUG_INFO = INCLUDE_SOURCE;
				MTL_FAST_MATH = YES;
				ONLY_ACTIVE_ARCH = YES;
				SDKROOT = iphoneos;
				SWIFT_ACTIVE_COMPILATION_CONDITIONS = DEBUG;
				SWIFT_OPTIMIZATION_LEVEL = "-Onone";
				SWIFT_VERSION = 5.0;
			};
			name = Debug;
		};
		14EBE52E9FA44D989AFF75F5 /* Release */ = {
			isa = XCBuildConfiguration;
			buildSettings = {
				ALWAYS_SEARCH_USER_PATHS = NO;
				CLANG_ANALYZER_NONNULL = YES;
				CLANG_ANALYZER_NUMBER_OBJECT_CONVERSION = YES_AGGRESSIVE;
				CLANG_CXX_LANGUAGE_STANDARD = "gnu++20";
				CLANG_ENABLE_MODULES = YES;
				CLANG_ENABLE_OBJC_ARC = YES;
				CLANG_ENABLE_OBJC_WEAK = YES;
				CLANG_WARN_BLOCK_CAPTURE_AUTORELEASING = YES;
				CLANG_WARN_BOOL_CONVERSION = YES;
				CLANG_WARN_COMMA = YES;
				CLANG_WARN_CONSTANT_CONVERSION = YES;
				CLANG_WARN_DEPRECATED_OBJC_IMPLEMENTATIONS = YES;
				CLANG_WARN_DIRECT_OBJC_ISA_USAGE = YES_ERROR;
				CLANG_WARN_DOCUMENTATION_COMMENTS = YES;
				CLANG_WARN_EMPTY_BODY = YES;
				CLANG_WARN_ENUM_CONVERSION = YES;
				CLANG_WARN_INFINITE_RECURSION = YES;
				CLANG_WARN_INT_CONVERSION = YES;
				CLANG_WARN_NON_LITERAL_NULL_CONVERSION = YES;
				CLANG_WARN_OBJC_IMPLICIT_RETAIN_SELF = YES;
				CLANG_WARN_OBJC_LITERAL_CONVERSION = YES;
				CLANG_WARN_OBJC_ROOT_CLASS = YES_ERROR;
				CLANG_WARN_QUOTED_INCLUDE_IN_FRAMEWORK_HEADER = YES;
				CLANG_WARN_RANGE_LOOP_ANALYSIS = YES;
				CLANG_WARN_STRICT_PROTOTYPES = YES;
				CLANG_WARN_SUSPICIOUS_MOVE = YES;
				CLANG_WARN_UNGUARDED_AVAILABILITY = YES_AGGRESSIVE;
				CLANG_WARN_UNREACHABLE_CODE = YES;
				CLANG_WARN__DUPLICATE_METHOD_MATCH = YES;
				COPY_PHASE_STRIP = NO;
				DEBUG_INFORMATION_FORMAT = "dwarf-with-dsym";
				ENABLE_NS_ASSERTIONS = NO;
				ENABLE_STRICT_OBJC_MSGSEND = YES;
				GCC_C_LANGUAGE_STANDARD = gnu17;
				GCC_NO_COMMON_BLOCKS = YES;
				GCC_WARN_64_TO_32_BIT_CONVERSION = YES;
				GCC_WARN_ABOUT_RETURN_TYPE = YES_ERROR;
				GCC_WARN_UNDECLARED_SELECTOR = YES;
				GCC_WARN_UNINITIALIZED_AUTOS = YES_AGGRESSIVE;
				GCC_WARN_UNUSED_FUNCTION = YES;
				GCC_WARN_UNUSED_VARIABLE = YES;
				IPHONEOS_DEPLOYMENT_TARGET = 18.0;
				MTL_ENABLE_DEBUG_INFO = NO;
				MTL_FAST_MATH = YES;
				SDKROOT = iphoneos;
				SWIFT_COMPILATION_MODE = wholemodule;
				SWIFT_OPTIMIZATION_LEVEL = "-O";
				SWIFT_VERSION = 5.0;
				VALIDATE_PRODUCT = YES;
			};
			name = Release;
		};
		3B46B53DA2BC4DEA9F65C396 /* Debug */ = {
			isa = XCBuildConfiguration;
			buildSettings = {
				ASSETCATALOG_COMPILER_APPICON_NAME = AppIcon;
				ASSETCATALOG_COMPILER_GLOBAL_ACCENT_COLOR_NAME = AccentColor;
				CODE_SIGN_STYLE = Automatic;
				CURRENT_PROJECT_VERSION = 1;
				DEVELOPMENT_ASSET_PATHS = "\"GhostMesh/Preview Content\"";
				ENABLE_PREVIEWS = YES;
				GENERATE_INFOPLIST_FILE = YES;
				INFOPLIST_FILE = GhostMesh/Info.plist;
				INFOPLIST_KEY_UILaunchScreen_Generation = YES;
				INFOPLIST_KEY_UIApplicationSceneManifest_Generation = YES;
				INFOPLIST_KEY_UISupportedInterfaceOrientations = UIInterfaceOrientationPortrait;
				LD_RUNPATH_SEARCH_PATHS = (
					"$(inherited)",
					"@executable_path/Frameworks",
				);
				MARKETING_VERSION = 1.0;
				PRODUCT_BUNDLE_IDENTIFIER = com.lbl215.ghostmesh;
				PRODUCT_NAME = GhostMesh;
				SWIFT_EMIT_LOC_STRINGS = YES;
				SWIFT_VERSION = 5.0;
				TARGETED_DEVICE_FAMILY = "1,2";
			};
			name = Debug;
		};
		ED5EC3E9D23E45A7BA62ACA0 /* Release */ = {
			isa = XCBuildConfiguration;
			buildSettings = {
				ASSETCATALOG_COMPILER_APPICON_NAME = AppIcon;
				ASSETCATALOG_COMPILER_GLOBAL_ACCENT_COLOR_NAME = AccentColor;
				CODE_SIGN_STYLE = Automatic;
				CURRENT_PROJECT_VERSION = 1;
				DEVELOPMENT_ASSET_PATHS = "\"GhostMesh/Preview Content\"";
				ENABLE_PREVIEWS = YES;
				GENERATE_INFOPLIST_FILE = YES;
				INFOPLIST_FILE = GhostMesh/Info.plist;
				INFOPLIST_KEY_UILaunchScreen_Generation = YES;
				INFOPLIST_KEY_UIApplicationSceneManifest_Generation = YES;
				INFOPLIST_KEY_UISupportedInterfaceOrientations = UIInterfaceOrientationPortrait;
				LD_RUNPATH_SEARCH_PATHS = (
					"$(inherited)",
					"@executable_path/Frameworks",
				);
				MARKETING_VERSION = 1.0;
				PRODUCT_BUNDLE_IDENTIFIER = com.lbl215.ghostmesh;
				PRODUCT_NAME = GhostMesh;
				SWIFT_EMIT_LOC_STRINGS = YES;
				SWIFT_VERSION = 5.0;
				TARGETED_DEVICE_FAMILY = "1,2";
			};
			name = Release;
		};
/* End XCBuildConfiguration section */

/* Begin XCConfigurationList section */
		1BA76DC46E6541A38549A133 /* Build configuration list for PBXProject "GhostMesh" */ = {
			isa = XCConfigurationList;
			buildConfigurations = (
				D09289B87E3B44DBBCA259E3 /* Debug */,
				14EBE52E9FA44D989AFF75F5 /* Release */,
			);
			defaultConfigurationIsVisible = 0;
			defaultConfigurationName = Release;
		};
		AD64495107A04B1F9FB196BD /* Build configuration list for PBXNativeTarget "GhostMesh" */ = {
			isa = XCConfigurationList;
			buildConfigurations = (
				3B46B53DA2BC4DEA9F65C396 /* Debug */,
				ED5EC3E9D23E45A7BA62ACA0 /* Release */,
			);
			defaultConfigurationIsVisible = 0;
			defaultConfigurationName = Release;
		};
/* End XCConfigurationList section */

/* Begin XCRemoteSwiftPackageReference section */
		D9F4134956144D71BBF30FE0 /* XCRemoteSwiftPackageReference "swift-tor" */ = {
			isa = XCRemoteSwiftPackageReference;
			repositoryURL = "https://github.com/21-DOT-DEV/swift-tor";
			requirement = {
				kind = upToNextMajorVersion;
				minimumVersion = 0.1.0;
			};
		};
/* End XCRemoteSwiftPackageReference section */

/* Begin XCSwiftPackageProductDependency section */
		463EECD4A3F7426FB4BF4D4B /* Tor */ = {
			isa = XCSwiftPackageProductDependency;
			package = D9F4134956144D71BBF30FE0 /* XCRemoteSwiftPackageReference "swift-tor" */;
			productName = Tor;
		};
/* End XCSwiftPackageProductDependency section */
	};
	rootObject = 0B0691B564A547CCB30FFBBD /* Project object */;
}
